
Microsoft Visual Studio Solution File, Format Version 12.00
# Visual Studio Version 16
VisualStudioVersion = 16.0.30011.22
MinimumVisualStudioVersion = 10.0.40219.1
Project("{FAE04EC0-301F-11D3-BF4B-00C04F79EFBC}") = "whatisthis", "whatisthis\whatisthis.csproj", "{01D8184F-4DC7-468B-ABAB-664DBF6EE264}"
EndProject
Global
	GlobalSection(SolutionConfigurationPlatforms) = preSolution
		Debug|Any CPU = Debug|Any CPU
		Release|Any CPU = Release|Any CPU
	EndGlobalSection
	GlobalSection(ProjectConfigurationPlatforms) = postSolution
		{01D8184F-4DC7-468B-ABAB-664DBF6EE264}.Debug|Any CPU.ActiveCfg = Debug|Any CPU
		{01D8184F-4DC7-468B-ABAB-664DBF6EE264}.Debug|Any CPU.Build.0 = Debug|Any CPU
		{01D8184F-4DC7-468B-ABAB-664DBF6EE264}.Release|Any CPU.ActiveCfg = Release|Any CPU
		{01D8184F-4DC7-468B-ABAB-664DBF6EE264}.Release|Any CPU.Build.0 = Release|Any CPU
	EndGlobalSection
	GlobalSection(SolutionProperties) = preSolution
		HideSolutionNode = FALSE
	EndGlobalSection
	GlobalSection(ExtensibilityGlobals) = postSolution
		SolutionGuid = {E52D14F0-D64D-49A5-BEB2-CF4468BB545F}
	EndGlobalSection
EndGlobal
